
Microsoft Visual Studio Solution File, Format Version 12.00
# Visual Studio 15
VisualStudioVersion = 15.0.26430.13
MinimumVisualStudioVersion = 10.0.40219.1
Project("{FAE04EC0-301F-11D3-BF4B-00C04F79EFBC}") = "Training.Api.Services", "Training.Api.Services\Training.Api.Services.csproj", "{9FFBC603-CE66-413B-AFEC-4484DE585EDF}"
EndProject
Project("{FAE04EC0-301F-11D3-BF4B-00C04F79EFBC}") = "Training.Api.DataLayer", "Training.Api.DataLayer\Training.Api.DataLayer.csproj", "{BE0A33C7-7F60-4E9F-9993-DFC0C25CB560}"
EndProject
Project("{FAE04EC0-301F-11D3-BF4B-00C04F79EFBC}") = "Training.Api.BusinessLayer", "Training.Api.BusinessLayer\Training.Api.BusinessLayer.csproj", "{C91B4B62-680B-4BC2-A95C-F8CD21C8303D}"
EndProject
Global
	GlobalSection(SolutionConfigurationPlatforms) = preSolution
		Debug|Any CPU = Debug|Any CPU
		Release|Any CPU = Release|Any CPU
	EndGlobalSection
	GlobalSection(ProjectConfigurationPlatforms) = postSolution
		{9FFBC603-CE66-413B-AFEC-4484DE585EDF}.Debug|Any CPU.ActiveCfg = Debug|Any CPU
		{9FFBC603-CE66-413B-AFEC-4484DE585EDF}.Debug|Any CPU.Build.0 = Debug|Any CPU
		{9FFBC603-CE66-413B-AFEC-4484DE585EDF}.Release|Any CPU.ActiveCfg = Release|Any CPU
		{9FFBC603-CE66-413B-AFEC-4484DE585EDF}.Release|Any CPU.Build.0 = Release|Any CPU
		{BE0A33C7-7F60-4E9F-9993-DFC0C25CB560}.Debug|Any CPU.ActiveCfg = Debug|Any CPU
		{BE0A33C7-7F60-4E9F-9993-DFC0C25CB560}.Debug|Any CPU.Build.0 = Debug|Any CPU
		{BE0A33C7-7F60-4E9F-9993-DFC0C25CB560}.Release|Any CPU.ActiveCfg = Release|Any CPU
		{BE0A33C7-7F60-4E9F-9993-DFC0C25CB560}.Release|Any CPU.Build.0 = Release|Any CPU
		{C91B4B62-680B-4BC2-A95C-F8CD21C8303D}.Debug|Any CPU.ActiveCfg = Debug|Any CPU
		{C91B4B62-680B-4BC2-A95C-F8CD21C8303D}.Debug|Any CPU.Build.0 = Debug|Any CPU
		{C91B4B62-680B-4BC2-A95C-F8CD21C8303D}.Release|Any CPU.ActiveCfg = Release|Any CPU
		{C91B4B62-680B-4BC2-A95C-F8CD21C8303D}.Release|Any CPU.Build.0 = Release|Any CPU
	EndGlobalSection
	GlobalSection(SolutionProperties) = preSolution
		HideSolutionNode = FALSE
	EndGlobalSection
EndGlobal
